%{
  "artificery": {:hex, :artificery, "0.4.3", "0bc4260f988dcb9dda4b23f9fc3c6c8b99a6220a331534fdf5bf2fd0d4333b02", [:mix], [], "hexpm", "12e95333a30e20884e937abdbefa3e7f5e05609c2ba8cf37b33f000b9ffc0504"},
  "base64url": {:hex, :base64url, "0.0.1", "36a90125f5948e3afd7be97662a1504b934dd5dac78451ca6e9abf85a10286be", [:rebar], [], "hexpm", "fab09b20e3f5db886725544cbcf875b8e73ec93363954eb8a1a9ed834aa8c1f9"},
  "cache_tab": {:hex, :cache_tab, "1.0.28", "551beb14325c34aa7e1e5d65e5fdaa1a87b0325393cfaf8641c0068364d84f69", [:rebar3], [{:p1_utils, "1.0.22", [hex: :p1_utils, repo: "hexpm", optional: false]}], "hexpm", "17451084f2cc0a4a6304e12ae5c9ceef13d70ad070c9c406317e80abb7677889"},
  "distillery": {:hex, :distillery, "2.1.1", "f9332afc2eec8a1a2b86f22429e068ef35f84a93ea1718265e740d90dd367814", [:mix], [{:artificery, "~> 0.2", [hex: :artificery, repo: "hexpm", optional: false]}], "hexpm", "bbc7008b0161a6f130d8d903b5b3232351fccc9c31a991f8fcbf2a12ace22995"},
  "eimp": {:hex, :eimp, "1.0.20", "4b46fa8623690ba602fc1c509dd5d38bdf7c2188b694064bf144f36be600cf02", [:rebar3], [{:p1_utils, "1.0.22", [hex: :p1_utils, repo: "hexpm", optional: false]}], "hexpm", "531a1d07e5df83f6adf29f9bae93faa227ebfdcd92d2408a28630709eac3e979"},
  "ejabberd": {:hex, :ejabberd, "21.4.0", "fe7adb3599fe4e9e1a75a063d6fa1b4177093db3c0b84a551911ef57395232c2", [:mix, :rebar3], [{:base64url, "~> 0.0.1", [hex: :base64url, repo: "hexpm", optional: false]}, {:cache_tab, "~> 1.0", [hex: :cache_tab, repo: "hexpm", optional: false]}, {:distillery, "~> 2.0", [hex: :distillery, repo: "hexpm", optional: false]}, {:eimp, "~> 1.0", [hex: :eimp, repo: "hexpm", optional: false]}, {:esip, "~> 1.0", [hex: :esip, repo: "hexpm", optional: false]}, {:ezlib, "~> 1.0", [hex: :ezlib, repo: "hexpm", optional: false]}, {:fast_tls, "~> 1.1", [hex: :fast_tls, repo: "hexpm", optional: false]}, {:fast_xml, "~> 1.1", [hex: :fast_xml, repo: "hexpm", optional: false]}, {:fast_yaml, "~> 1.0", [hex: :fast_yaml, repo: "hexpm", optional: false]}, {:idna, "~> 6.0", [hex: :idna, repo: "hexpm", optional: false]}, {:jiffy, "~> 1.0.5", [hex: :jiffy, repo: "hexpm", optional: false]}, {:jose, "~> 1.8", [hex: :jose, repo: "hexpm", optional: false]}, {:lager, "~> 3.6.0", [hex: :lager, repo: "hexpm", optional: false]}, {:mqtree, "~> 1.0", [hex: :mqtree, repo: "hexpm", optional: false]}, {:p1_acme, "~> 1.0", [hex: :p1_acme, repo: "hexpm", optional: false]}, {:p1_mysql, "~> 1.0", [hex: :p1_mysql, repo: "hexpm", optional: false]}, {:p1_oauth2, "~> 0.6", [hex: :p1_oauth2, repo: "hexpm", optional: false]}, {:p1_pgsql, "~> 1.1", [hex: :p1_pgsql, repo: "hexpm", optional: false]}, {:p1_utils, "~> 1.0", [hex: :p1_utils, repo: "hexpm", optional: false]}, {:pkix, "~> 1.0", [hex: :pkix, repo: "hexpm", optional: false]}, {:stringprep, "~> 1.0", [hex: :stringprep, repo: "hexpm", optional: false]}, {:stun, "~> 1.0", [hex: :stun, repo: "hexpm", optional: false]}, {:xmpp, "~> 1.5", [hex: :xmpp, repo: "hexpm", optional: false]}, {:yconf, "~> 1.0", [hex: :yconf, repo: "hexpm", optional: false]}], "hexpm", "e43b343bc46f72d06a187c0f1ff119fa05511ae66e684a38c41969bd250df5ad"},
  "esip": {:hex, :esip, "1.0.42", "ccd1f3aa1e8d7b5ffe51fc5df238b0d36b5f6cde67cef1dab24931ff03a0a836", [:rebar3], [{:fast_tls, "1.1.12", [hex: :fast_tls, repo: "hexpm", optional: false]}, {:p1_utils, "1.0.22", [hex: :p1_utils, repo: "hexpm", optional: false]}, {:stun, "1.0.43", [hex: :stun, repo: "hexpm", optional: false]}], "hexpm", "87e28b1344543ef9c1b24a60097ae3ceeedba0ff6487f20cdc7be53f087b9a4e"},
  "ezlib": {:hex, :ezlib, "1.0.9", "b17136b48bcf73962446b06d4427b0b6f2be4550bb5190a18a2979640271e244", [:rebar3], [], "hexpm", "fafc60a0de6e982be38f793da7b220b87a0da2969eba8a878351442b35cc2fde"},
  "fast_tls": {:hex, :fast_tls, "1.1.12", "b11997d96d4306abcd4cdb9ffa77ccfc0f826f64bed77ecaceb48b2dc46b9202", [:rebar3], [{:p1_utils, "1.0.22", [hex: :p1_utils, repo: "hexpm", optional: false]}], "hexpm", "c3d80828f5d985cba4c93660ffbf2c9b9cd831303382b97832dd66429fb16f8a"},
  "fast_xml": {:hex, :fast_xml, "1.1.46", "bd563e1cdd8a397ed31a6e11f832ea9e4e90f84695104aa92b46224a887fc6ae", [:rebar3], [{:p1_utils, "1.0.22", [hex: :p1_utils, repo: "hexpm", optional: false]}], "hexpm", "2992a0b2fb649879936fd72498e8bf4202e4cc8356295e14ddf17d4220ac8c51"},
  "fast_yaml": {:hex, :fast_yaml, "1.0.31", "a66d0e678341dc20680aece8e6fd566205a229981b5b3cfa698c66323b728da2", [:rebar3], [{:p1_utils, "1.0.22", [hex: :p1_utils, repo: "hexpm", optional: false]}], "hexpm", "8aa129e3384c5aa9f5f1597a1e3321a63a44860f3951f23eeed950bf0ee59643"},
  "goldrush": {:hex, :goldrush, "0.1.9", "f06e5d5f1277da5c413e84d5a2924174182fb108dabb39d5ec548b27424cd106", [:rebar3], [], "hexpm", "99cb4128cffcb3227581e5d4d803d5413fa643f4eb96523f77d9e6937d994ceb"},
  "idna": {:hex, :idna, "6.0.0", "689c46cbcdf3524c44d5f3dde8001f364cd7608a99556d8fbd8239a5798d4c10", [:rebar3], [{:unicode_util_compat, "0.4.1", [hex: :unicode_util_compat, repo: "hexpm", optional: false]}], "hexpm", "4bdd305eb64e18b0273864920695cb18d7a2021f31a11b9c5fbcd9a253f936e2"},
  "jiffy": {:hex, :jiffy, "1.0.8", "60e36f00be35e5ac6e6cf2d4caf3bdf3103d4460aff385f543a8d7df2d6d9613", [:rebar3], [], "hexpm", "f9ae986ba5a0854eb48cf6a76192d9367086da86c20197da430630be7c087a4e"},
  "jose": {:hex, :jose, "1.9.0", "4167c5f6d06ffaebffd15cdb8da61a108445ef5e85ab8f5a7ad926fdf3ada154", [:mix, :rebar3], [{:base64url, "~> 0.0.1", [hex: :base64url, repo: "hexpm", optional: false]}], "hexpm", "6429c4fee52b2dda7861ee19a4f09c8c1ffa213bee3a1ec187828fde95d447ed"},
  "lager": {:hex, :lager, "3.6.10", "6172b43ab720ac33914ccd0aeb21fdbdf88213847707d4b91e6af57b2ae5c4d2", [:rebar3], [{:goldrush, "0.1.9", [hex: :goldrush, repo: "hexpm", optional: false]}], "hexpm", "5d10499461826b79c5abee18bb594b3949cbdf76d9d9fd7e66d0a558137c21c9"},
  "logger_lager_backend": {:hex, :logger_lager_backend, "0.2.0", "c5e618c1a9965e46c88d00091e22c1de2c091b28db8e3ca59d96774e4fc8cdfa", [:mix], [{:lager, "~> 3.2", [hex: :lager, repo: "hexpm", optional: false]}], "hexpm", "33c02afc5f2192cd9aae43114b6aa65cde71bff278c0726e434afa9c3c218f72"},
  "mqtree": {:hex, :mqtree, "1.0.13", "28c9eaa3a63624829c75f606588d584c3434aec3b615df452f5a539a97467f50", [:rebar3], [{:p1_utils, "1.0.22", [hex: :p1_utils, repo: "hexpm", optional: false]}], "hexpm", "2369ecb99b2ae3908e8c5c604ed4b96aab8f930ac1f1225e1c42ec25d6a65cc8"},
  "p1_acme": {:hex, :p1_acme, "1.0.12", "e51a9e178441669ac06fc5f335ed8ef3343fda67ec83bbbf9551c49967d5f401", [:rebar3], [{:idna, "~>6.0.0", [hex: :idna, repo: "hexpm", optional: false]}, {:jiffy, "~>1.0.5", [hex: :jiffy, repo: "hexpm", optional: false]}, {:jose, "~>1.9.0", [hex: :jose, repo: "hexpm", optional: false]}, {:yconf, "~>1.0.11", [hex: :yconf, repo: "hexpm", optional: false]}], "hexpm", "9a98f523c656b159be3222c9834a07a83cd5f9dc83f8dec9233a457fceef99a6"},
  "p1_mysql": {:hex, :p1_mysql, "1.0.18", "c636842cc7b56785de383e4ffacc5b74318dae09d9d1447f6eac8b4aac8bd8f4", [:rebar3], [], "hexpm", "4b5e001c554b9a2b9e32885ad43c7cc97d53ef8412d9bbe9491c01997935fbb8"},
  "p1_oauth2": {:hex, :p1_oauth2, "0.6.9", "07c4527e0af10aa93e4df033f971c64aec01aa0806d6467bb0632f944b3a2309", [:rebar3], [], "hexpm", "924360cd9883cb773ae8166773241e1a9b3a70cad3034e038ab493b40b56d987"},
  "p1_pgsql": {:hex, :p1_pgsql, "1.1.11", "8769ec7a2c4f480d443b90fdaa02519fbb459aa06c5fa6a99a0fbee683be9f7a", [:rebar3], [], "hexpm", "e4ef71713293717e8ace5fe717ddd63c618179597a6af79156af9be8c3ea851d"},
  "p1_utils": {:hex, :p1_utils, "1.0.22", "10a70faa665d1f8f6995fa100d068b4d910ee2a0111fa3567e9d6232cbb86f21", [:rebar3], [], "hexpm", "0e49ff5586515e3c44901d6fb06b1473bda492d749f0b1705cbf9d96d4cd5a38"},
  "pkix": {:hex, :pkix, "1.0.7", "a0b8c9011edeba702d7cb73fecef1eabe3ae89b3dcf4b8f33775e4f17a7a1304", [:rebar3], [], "hexpm", "104a9e0ecd9cc0e579d148a028189a6efe6420b241f3d319d8a65d898a078295"},
  "stringprep": {:hex, :stringprep, "1.0.25", "15062f6020777a51a96488f29ce9a2d83e3195f92fdf27f25acc462dff7d8d82", [:rebar3], [{:p1_utils, "1.0.22", [hex: :p1_utils, repo: "hexpm", optional: false]}], "hexpm", "8e0807d94a6927d1c3f8e76d584a2e3cdd9b4bcb02823eaf96629edf2a65b104"},
  "stun": {:hex, :stun, "1.0.43", "5c58af3b87fde5e85552dfc085d565a8d899ef7bc0c3e97dea0ea45e3daf0a30", [:rebar3], [{:fast_tls, "1.1.12", [hex: :fast_tls, repo: "hexpm", optional: false]}, {:p1_utils, "1.0.22", [hex: :p1_utils, repo: "hexpm", optional: false]}], "hexpm", "6db03005a5f9931dc5c331d923cbe1c06b04f92921b47093dff8e3f0a18d7b36"},
  "unicode_util_compat": {:hex, :unicode_util_compat, "0.4.1", "d869e4c68901dd9531385bb0c8c40444ebf624e60b6962d95952775cac5e90cd", [:rebar3], [], "hexpm", "1d1848c40487cdb0b30e8ed975e34e025860c02e419cb615d255849f3427439d"},
  "xmpp": {:hex, :xmpp, "1.5.3", "d61d8c90ffacd99bea4915c55dcee1829a053d43e0dc33b8ea66bab845cca8ed", [:rebar3], [{:ezlib, "1.0.9", [hex: :ezlib, repo: "hexpm", optional: false]}, {:fast_tls, "1.1.12", [hex: :fast_tls, repo: "hexpm", optional: false]}, {:fast_xml, "1.1.46", [hex: :fast_xml, repo: "hexpm", optional: false]}, {:idna, "6.0.0", [hex: :idna, repo: "hexpm", optional: false]}, {:p1_utils, "1.0.22", [hex: :p1_utils, repo: "hexpm", optional: false]}, {:stringprep, "1.0.25", [hex: :stringprep, repo: "hexpm", optional: false]}], "hexpm", "dca72f926769ed512e524b4369c7812095205f39e00b7e8b11530174a10a9d35"},
  "yconf": {:hex, :yconf, "1.0.11", "081fe70e5d73a74d0bbad91c3876a1be0e84bd8539bba4cefef2d61cd3c92f9e", [:rebar3], [{:fast_yaml, "1.0.31", [hex: :fast_yaml, repo: "hexpm", optional: false]}], "hexpm", "6df4253e2d55592ad56b5cc29edb0981778ddb6656034a8625f70ffe24290a98"},
}
