%{
  "artificery": {:hex, :artificery, "0.4.2", "3ded6e29e13113af52811c72f414d1e88f711410cac1b619ab3a2666bbd7efd4", [:mix], [], "hexpm", "514586f4312ef3709a3ccbd8e55f69455add235c1729656687bb781d10d0afdb"},
  "base64url": {:hex, :base64url, "0.0.1", "36a90125f5948e3afd7be97662a1504b934dd5dac78451ca6e9abf85a10286be", [:rebar], [], "hexpm", "fab09b20e3f5db886725544cbcf875b8e73ec93363954eb8a1a9ed834aa8c1f9"},
  "cache_tab": {:hex, :cache_tab, "1.0.21", "6cf110d1884de06f48455a3bafb9fa7dd57c68398a572f49727429e0caf8393a", [:rebar3], [{:p1_utils, "1.0.17", [hex: :p1_utils, repo: "hexpm", optional: false]}], "hexpm", "4e95ba79a5dacdca73f525d25a9f7f195973b5cedee27cea3e534355703dc43e"},
  "distillery": {:hex, :distillery, "2.1.1", "f9332afc2eec8a1a2b86f22429e068ef35f84a93ea1718265e740d90dd367814", [:mix], [{:artificery, "~> 0.2", [hex: :artificery, repo: "hexpm", optional: false]}], "hexpm", "bbc7008b0161a6f130d8d903b5b3232351fccc9c31a991f8fcbf2a12ace22995"},
  "eimp": {:hex, :eimp, "1.0.13", "d052f2f8fb8c6af919595e0fce256f722c15f364995c1fadfed4d044d7eb3dab", [:rebar3], [{:p1_utils, "1.0.17", [hex: :p1_utils, repo: "hexpm", optional: false]}], "hexpm", "2aab9bf43363b2a4cb07b2d592b52cc8876b10d39aecaebc5236e75190a6ac32"},
  "ejabberd": {:hex, :ejabberd, "20.1.0", "78cebf39cecc94e9f7c28133d0587c0756163efad49b1be2892db990266bc7dc", [:mix], [{:base64url, "~> 0.0.1", [hex: :base64url, repo: "hexpm", optional: false]}, {:cache_tab, "~> 1.0", [hex: :cache_tab, repo: "hexpm", optional: false]}, {:distillery, "~> 2.0", [hex: :distillery, repo: "hexpm", optional: false]}, {:eimp, "~> 1.0", [hex: :eimp, repo: "hexpm", optional: false]}, {:esip, "~> 1.0", [hex: :esip, repo: "hexpm", optional: false]}, {:ezlib, "~> 1.0", [hex: :ezlib, repo: "hexpm", optional: false]}, {:fast_tls, "~> 1.1", [hex: :fast_tls, repo: "hexpm", optional: false]}, {:fast_xml, "~> 1.1", [hex: :fast_xml, repo: "hexpm", optional: false]}, {:fast_yaml, "~> 1.0", [hex: :fast_yaml, repo: "hexpm", optional: false]}, {:idna, "~> 6.0", [hex: :idna, repo: "hexpm", optional: false]}, {:jiffy, "~> 1.0", [hex: :jiffy, repo: "hexpm", optional: false]}, {:jose, "~> 1.8", [hex: :jose, repo: "hexpm", optional: false]}, {:lager, "~> 3.6.0", [hex: :lager, repo: "hexpm", optional: false]}, {:mqtree, "~> 1.0", [hex: :mqtree, repo: "hexpm", optional: false]}, {:p1_acme, "~> 1.0", [hex: :p1_acme, repo: "hexpm", optional: false]}, {:p1_mysql, "~> 1.0", [hex: :p1_mysql, repo: "hexpm", optional: false]}, {:p1_oauth2, "~> 0.6.1", [hex: :p1_oauth2, repo: "hexpm", optional: false]}, {:p1_pgsql, "~> 1.1", [hex: :p1_pgsql, repo: "hexpm", optional: false]}, {:p1_utils, "~> 1.0", [hex: :p1_utils, repo: "hexpm", optional: false]}, {:pkix, "~> 1.0", [hex: :pkix, repo: "hexpm", optional: false]}, {:stringprep, "~> 1.0", [hex: :stringprep, repo: "hexpm", optional: false]}, {:stun, "~> 1.0", [hex: :stun, repo: "hexpm", optional: false]}, {:xmpp, "~> 1.4", [hex: :xmpp, repo: "hexpm", optional: false]}, {:yconf, "~> 1.0", [hex: :yconf, repo: "hexpm", optional: false]}], "hexpm", "46f36c8d1beaa9602710d5d7d6bbe374e509f21799c1ea49cf0cf7a906b80b2a"},
  "esip": {:hex, :esip, "1.0.31", "bf2a29174091908ed8375226f51a5ed23ddd832a5872e0390cef0cfac5727969", [:rebar3], [{:fast_tls, "1.1.3", [hex: :fast_tls, repo: "hexpm", optional: false]}, {:p1_utils, "1.0.17", [hex: :p1_utils, repo: "hexpm", optional: false]}, {:stun, "1.0.30", [hex: :stun, repo: "hexpm", optional: false]}], "hexpm", "9a542ce86b3a24c1b5aa1d45526f3c4c6e762cd106a864aba2331860cfc81d0a"},
  "ezlib": {:hex, :ezlib, "1.0.6", "d43a3377006f91c853f65d5efd563d61bbc289f0115a311657c728f5e6e8c39f", [:rebar3], [], "hexpm", "a5c701e41694facb8bc1e49cd9117e6bdf7ed7b44b8e0677624445250f2b5648"},
  "fast_tls": {:hex, :fast_tls, "1.1.3", "cc8ef8a16c16c2abe606f5f59f22ee2d76894af9d4d0d0e921285ce776a0c41a", [:rebar3], [{:p1_utils, "1.0.17", [hex: :p1_utils, repo: "hexpm", optional: false]}], "hexpm", "111eeec51462b619e1b7e212c3bfb56f42cc7e6c9839dbedf129fae3b8576ed8"},
  "fast_xml": {:hex, :fast_xml, "1.1.38", "88dd15dc980e840864c3976f9308768f46ecb4051437fc0f97f03e2de4287c91", [:rebar3], [{:p1_utils, "1.0.17", [hex: :p1_utils, repo: "hexpm", optional: false]}], "hexpm", "4de301f037b1e05b00e9deb46fb73637c2ba0d9eb6709cf3b4f893e289366291"},
  "fast_yaml": {:hex, :fast_yaml, "1.0.22", "99615f6bea033803ca8865b9ce4864ad451c746c17734255972b4a9cd77981fa", [:rebar3], [{:p1_utils, "1.0.17", [hex: :p1_utils, repo: "hexpm", optional: false]}], "hexpm", "e8638250e5a7387788c2f3564b131979d0b259da031a11b4210768b2d62f535f"},
  "goldrush": {:hex, :goldrush, "0.1.9", "f06e5d5f1277da5c413e84d5a2924174182fb108dabb39d5ec548b27424cd106", [:rebar3], [], "hexpm", "99cb4128cffcb3227581e5d4d803d5413fa643f4eb96523f77d9e6937d994ceb"},
  "idna": {:hex, :idna, "6.0.0", "689c46cbcdf3524c44d5f3dde8001f364cd7608a99556d8fbd8239a5798d4c10", [:rebar3], [{:unicode_util_compat, "0.4.1", [hex: :unicode_util_compat, repo: "hexpm", optional: false]}], "hexpm", "4bdd305eb64e18b0273864920695cb18d7a2021f31a11b9c5fbcd9a253f936e2"},
  "jiffy": {:hex, :jiffy, "1.0.3", "2ebe3035b3161025e7d12abe307241f10e668cbf72e0aa0614cde19ed70bf0a4", [:rebar3], [], "hexpm", "6b9cb0a4c36eb3cebd8de92dc4b05652a421dbbe3bbacd0070910837c243bcaf"},
  "jose": {:hex, :jose, "1.9.0", "4167c5f6d06ffaebffd15cdb8da61a108445ef5e85ab8f5a7ad926fdf3ada154", [:mix, :rebar3], [{:base64url, "~> 0.0.1", [hex: :base64url, repo: "hexpm", optional: false]}], "hexpm", "6429c4fee52b2dda7861ee19a4f09c8c1ffa213bee3a1ec187828fde95d447ed"},
  "lager": {:hex, :lager, "3.6.10", "6172b43ab720ac33914ccd0aeb21fdbdf88213847707d4b91e6af57b2ae5c4d2", [:rebar3], [{:goldrush, "0.1.9", [hex: :goldrush, repo: "hexpm", optional: false]}], "hexpm", "5d10499461826b79c5abee18bb594b3949cbdf76d9d9fd7e66d0a558137c21c9"},
  "logger_lager_backend": {:hex, :logger_lager_backend, "0.2.0", "c5e618c1a9965e46c88d00091e22c1de2c091b28db8e3ca59d96774e4fc8cdfa", [:mix], [{:lager, "~> 3.2", [hex: :lager, repo: "hexpm", optional: false]}], "hexpm", "33c02afc5f2192cd9aae43114b6aa65cde71bff278c0726e434afa9c3c218f72"},
  "mqtree": {:hex, :mqtree, "1.0.6", "9dd199ae00724dc4739c787c44da285c5849acb3abddec33cec0594be70dda1b", [:rebar3], [{:p1_utils, "1.0.17", [hex: :p1_utils, repo: "hexpm", optional: false]}], "hexpm", "443f30a1c0fd9a4337af17457841ac328d883d424a6d599c5481dffaecafb656"},
  "p1_acme": {:hex, :p1_acme, "1.0.3", "aaa8fd1158d73b2d7164ebef0cb27652c7af29dfd5674486026c729f17a57880", [:rebar3], [{:idna, "~>6.0.0", [hex: :idna, repo: "hexpm", optional: false]}, {:jiffy, "~>1.0.1", [hex: :jiffy, repo: "hexpm", optional: false]}, {:jose, "~>1.9.0", [hex: :jose, repo: "hexpm", optional: false]}, {:yconf, "~>1.0.2", [hex: :yconf, repo: "hexpm", optional: false]}], "hexpm", "979883d4d1471475e731c077a1039b79c67f79a1e93b9068088b25523deff19e"},
  "p1_mysql": {:hex, :p1_mysql, "1.0.12", "8e2043bff52aa72ac6ebdfaab909da026d559e13e9e6f1303aadf196b424abd7", [:rebar3], [], "hexpm", "0e668b89557026108ba46b5ea18f78641b9e603fa0270263164b39c2ba632392"},
  "p1_oauth2": {:hex, :p1_oauth2, "0.6.5", "a39db41de0287d4d1af3190beaa80edf17335b20f1d0ccace6c09580e0853987", [:rebar3], [], "hexpm", "fd737d42077df1f023b0b46cba55c72899b4469ea4ff58f380e9585272b0483a"},
  "p1_pgsql": {:hex, :p1_pgsql, "1.1.7", "ef64d34adbbe08258cc10b1532649446d8c086ff8663d44f430d837ec31a89f8", [:rebar3], [], "hexpm", "099894468eaa49510b8fd2e9d300dc7ff0cf54bb18a1e90b0a406cc3e2192c44"},
  "p1_utils": {:hex, :p1_utils, "1.0.17", "563449d130b7d37426dcad38815944356b2716713a70e16abb82e3410edc2c72", [:rebar3], [], "hexpm", "7cfa9bcb00081efe8808d596dbc1a3b50a062e06dd766c6f078a3b9215d60a0c"},
  "pkix": {:hex, :pkix, "1.0.4", "81d552f736b1cadb278069a332cc94891a1c3095eb6281b340969ee455bd6fea", [:rebar3], [], "hexpm", "3e91b47455a3b8ef71de0113c0b7e636e5c4afe8b3c281377c68c455d10d3c2b"},
  "stringprep": {:hex, :stringprep, "1.0.18", "1d31ae631920ec013e6008d5cea7421912418d1b6ae177725933daaeb706084c", [:rebar3], [{:p1_utils, "1.0.17", [hex: :p1_utils, repo: "hexpm", optional: false]}], "hexpm", "efa87d992d6791baa7d73b92f155d5a545553d3dd6c6d403d0ce42971b9d12f3"},
  "stun": {:hex, :stun, "1.0.30", "7e8b896d6bacc19a605919a67a3e42f831e4a3a3597cc2be102c054421c0fbbc", [:rebar3], [{:fast_tls, "1.1.3", [hex: :fast_tls, repo: "hexpm", optional: false]}, {:p1_utils, "1.0.17", [hex: :p1_utils, repo: "hexpm", optional: false]}], "hexpm", "f597128ed2fd9a94633f74b004657eee0e01ec665ebb8acaaf11e49d37bfe95d"},
  "unicode_util_compat": {:hex, :unicode_util_compat, "0.4.1", "d869e4c68901dd9531385bb0c8c40444ebf624e60b6962d95952775cac5e90cd", [:rebar3], [], "hexpm", "1d1848c40487cdb0b30e8ed975e34e025860c02e419cb615d255849f3427439d"},
  "xmpp": {:hex, :xmpp, "1.4.4", "d7539a240039c73c5d988b328d3e6aaa517a4f47e060f5c34d628424924b38bf", [:rebar3], [{:ezlib, "1.0.6", [hex: :ezlib, repo: "hexpm", optional: false]}, {:fast_tls, "1.1.3", [hex: :fast_tls, repo: "hexpm", optional: false]}, {:fast_xml, "1.1.38", [hex: :fast_xml, repo: "hexpm", optional: false]}, {:idna, "6.0.0", [hex: :idna, repo: "hexpm", optional: false]}, {:p1_utils, "1.0.17", [hex: :p1_utils, repo: "hexpm", optional: false]}, {:stringprep, "1.0.18", [hex: :stringprep, repo: "hexpm", optional: false]}], "hexpm", "8ded63bf67a08cb9e77cf8412e0c20bfa0fa3e9834f4b08e6cf7a41ffc020baf"},
  "yconf": {:hex, :yconf, "1.0.2", "2863cd7bb7840a84855525bf611ed6391b8c42d9b9e09505ce90924216a8e6af", [:rebar3], [{:fast_yaml, "1.0.22", [hex: :fast_yaml, repo: "hexpm", optional: false]}], "hexpm", "80ba50c685b844f9a9c7b3e3291046b89a957d0c662e0fe4b2099d35b8ee53bc"},
}
