%{
  "artificery": {:hex, :artificery, "0.4.2", "3ded6e29e13113af52811c72f414d1e88f711410cac1b619ab3a2666bbd7efd4", [:mix], [], "hexpm"},
  "base64url": {:hex, :base64url, "0.0.1", "36a90125f5948e3afd7be97662a1504b934dd5dac78451ca6e9abf85a10286be", [:rebar], [], "hexpm"},
  "cache_tab": {:hex, :cache_tab, "1.0.20", "00a09975fa6d7ad30407b551ca62f0e901bf36cf4e18bd24cd8c1c517d25b5d4", [:rebar3], [{:p1_utils, "1.0.16", [hex: :p1_utils, repo: "hexpm", optional: false]}], "hexpm"},
  "distillery": {:hex, :distillery, "2.1.1", "f9332afc2eec8a1a2b86f22429e068ef35f84a93ea1718265e740d90dd367814", [:mix], [{:artificery, "~> 0.2", [hex: :artificery, repo: "hexpm", optional: false]}], "hexpm"},
  "eimp": {:hex, :eimp, "1.0.12", "c00cdc0ef7159f07e8ec50826d1de9bd051a9538bac772e455927d7f6165abb4", [:rebar3], [{:p1_utils, "1.0.16", [hex: :p1_utils, repo: "hexpm", optional: false]}], "hexpm"},
  "ejabberd": {:hex, :ejabberd, "19.9.0", "7f4ceee9da71ad83df136e949900142f699bd4629c78c688ee950c240f31c4f4", [:mix], [{:base64url, "~> 0.0.1", [hex: :base64url, repo: "hexpm", optional: false]}, {:cache_tab, "~> 1.0", [hex: :cache_tab, repo: "hexpm", optional: false]}, {:distillery, "~> 2.0", [hex: :distillery, repo: "hexpm", optional: false]}, {:eimp, "~> 1.0", [hex: :eimp, repo: "hexpm", optional: false]}, {:esip, "~> 1.0", [hex: :esip, repo: "hexpm", optional: false]}, {:ezlib, "~> 1.0", [hex: :ezlib, repo: "hexpm", optional: false]}, {:fast_tls, "~> 1.1", [hex: :fast_tls, repo: "hexpm", optional: false]}, {:fast_xml, "~> 1.1", [hex: :fast_xml, repo: "hexpm", optional: false]}, {:fast_yaml, "~> 1.0", [hex: :fast_yaml, repo: "hexpm", optional: false]}, {:idna, "~> 6.0", [hex: :idna, repo: "hexpm", optional: false]}, {:jiffy, "~> 1.0", [hex: :jiffy, repo: "hexpm", optional: false]}, {:jose, "~> 1.8", [hex: :jose, repo: "hexpm", optional: false]}, {:lager, "~> 3.6.0", [hex: :lager, repo: "hexpm", optional: false]}, {:mqtree, "~> 1.0", [hex: :mqtree, repo: "hexpm", optional: false]}, {:p1_acme, "~> 1.0", [hex: :p1_acme, repo: "hexpm", optional: false]}, {:p1_mysql, "~> 1.0", [hex: :p1_mysql, repo: "hexpm", optional: false]}, {:p1_oauth2, "~> 0.6.1", [hex: :p1_oauth2, repo: "hexpm", optional: false]}, {:p1_pgsql, "~> 1.1", [hex: :p1_pgsql, repo: "hexpm", optional: false]}, {:p1_utils, "~> 1.0", [hex: :p1_utils, repo: "hexpm", optional: false]}, {:pkix, "~> 1.0", [hex: :pkix, repo: "hexpm", optional: false]}, {:stringprep, "~> 1.0", [hex: :stringprep, repo: "hexpm", optional: false]}, {:stun, "~> 1.0", [hex: :stun, repo: "hexpm", optional: false]}, {:xmpp, "~> 1.4.0", [hex: :xmpp, repo: "hexpm", optional: false]}, {:yconf, "~> 1.0", [hex: :yconf, repo: "hexpm", optional: false]}], "hexpm"},
  "esip": {:hex, :esip, "1.0.30", "23d020270590cd6e2785fb33c8bb954e992ed3d469a5b668ceccb56c703888db", [:rebar3], [{:fast_tls, "1.1.2", [hex: :fast_tls, repo: "hexpm", optional: false]}, {:p1_utils, "1.0.16", [hex: :p1_utils, repo: "hexpm", optional: false]}, {:stun, "1.0.29", [hex: :stun, repo: "hexpm", optional: false]}], "hexpm"},
  "ezlib": {:hex, :ezlib, "1.0.6", "d43a3377006f91c853f65d5efd563d61bbc289f0115a311657c728f5e6e8c39f", [:rebar3], [], "hexpm"},
  "fast_tls": {:hex, :fast_tls, "1.1.2", "ec3b5ba9c5e87f66190196ee8cedffe8f02b9c5b76bb5bc6e81f93d00013ae3a", [:rebar3], [{:p1_utils, "1.0.16", [hex: :p1_utils, repo: "hexpm", optional: false]}], "hexpm"},
  "fast_xml": {:hex, :fast_xml, "1.1.37", "e5276cd18d5ce5b179da34b6a1232805956f3057ee45833a0d62a9e414c86e07", [:rebar3], [{:p1_utils, "1.0.16", [hex: :p1_utils, repo: "hexpm", optional: false]}], "hexpm"},
  "fast_yaml": {:hex, :fast_yaml, "1.0.21", "3aea577eb57fbb62df79e7c406a453d54d450d35626a19998830e37c767eda67", [:rebar3], [{:p1_utils, "1.0.16", [hex: :p1_utils, repo: "hexpm", optional: false]}], "hexpm"},
  "goldrush": {:hex, :goldrush, "0.1.9", "f06e5d5f1277da5c413e84d5a2924174182fb108dabb39d5ec548b27424cd106", [:rebar3], [], "hexpm"},
  "idna": {:hex, :idna, "6.0.0", "689c46cbcdf3524c44d5f3dde8001f364cd7608a99556d8fbd8239a5798d4c10", [:rebar3], [{:unicode_util_compat, "0.4.1", [hex: :unicode_util_compat, repo: "hexpm", optional: false]}], "hexpm"},
  "jiffy": {:hex, :jiffy, "1.0.1", "4f25639772ca41202f41ba9c8f6ca0933554283dd4742c90651e03471c55e341", [:rebar3], [], "hexpm"},
  "jose": {:hex, :jose, "1.9.0", "4167c5f6d06ffaebffd15cdb8da61a108445ef5e85ab8f5a7ad926fdf3ada154", [:mix, :rebar3], [{:base64url, "~> 0.0.1", [hex: :base64url, repo: "hexpm", optional: false]}], "hexpm"},
  "lager": {:hex, :lager, "3.6.10", "6172b43ab720ac33914ccd0aeb21fdbdf88213847707d4b91e6af57b2ae5c4d2", [:rebar3], [{:goldrush, "0.1.9", [hex: :goldrush, repo: "hexpm", optional: false]}], "hexpm"},
  "logger_lager_backend": {:hex, :logger_lager_backend, "0.2.0", "c5e618c1a9965e46c88d00091e22c1de2c091b28db8e3ca59d96774e4fc8cdfa", [:mix], [{:lager, "~> 3.2", [hex: :lager, repo: "hexpm", optional: false]}], "hexpm"},
  "mqtree": {:hex, :mqtree, "1.0.5", "9448fd262ac5fd6b502c30abac00978779ae402558c7934b36cad481b2b7ebcd", [:rebar3], [{:p1_utils, "1.0.16", [hex: :p1_utils, repo: "hexpm", optional: false]}], "hexpm"},
  "p1_acme": {:hex, :p1_acme, "1.0.2", "16a71ffb0dc08a8be9ef999e99d655bc982d02aecc7a1cc94ebff6574deb7ac6", [:rebar3], [{:idna, "~>6.0.0", [hex: :idna, repo: "hexpm", optional: false]}, {:jiffy, "~>1.0.1", [hex: :jiffy, repo: "hexpm", optional: false]}, {:jose, "~>1.9.0", [hex: :jose, repo: "hexpm", optional: false]}, {:yconf, "~>1.0.1", [hex: :yconf, repo: "hexpm", optional: false]}], "hexpm"},
  "p1_mysql": {:hex, :p1_mysql, "1.0.11", "ae20e1daa2c0634bb61c1529d8401b08b855297b1c7d9af980b2e063d8b58482", [:rebar3], [], "hexpm"},
  "p1_oauth2": {:hex, :p1_oauth2, "0.6.5", "a39db41de0287d4d1af3190beaa80edf17335b20f1d0ccace6c09580e0853987", [:rebar3], [], "hexpm"},
  "p1_pgsql": {:hex, :p1_pgsql, "1.1.7", "ef64d34adbbe08258cc10b1532649446d8c086ff8663d44f430d837ec31a89f8", [:rebar3], [], "hexpm"},
  "p1_utils": {:hex, :p1_utils, "1.0.16", "05b5d4fb1f002d827b0d0d344eecdb4208b535bf95264d44f588affec644212b", [:rebar3], [], "hexpm"},
  "pkix": {:hex, :pkix, "1.0.4", "81d552f736b1cadb278069a332cc94891a1c3095eb6281b340969ee455bd6fea", [:rebar3], [], "hexpm"},
  "stringprep": {:hex, :stringprep, "1.0.17", "bf962fe2a4d01298d220b6474689755103f703942a043908ca6cd323e8fa0947", [:rebar3], [{:p1_utils, "1.0.16", [hex: :p1_utils, repo: "hexpm", optional: false]}], "hexpm"},
  "stun": {:hex, :stun, "1.0.29", "9678aa90302bda43af86949a6253b82c84535bd1aacdd8de7f052b68234f91b3", [:rebar3], [{:fast_tls, "1.1.2", [hex: :fast_tls, repo: "hexpm", optional: false]}, {:p1_utils, "1.0.16", [hex: :p1_utils, repo: "hexpm", optional: false]}], "hexpm"},
  "unicode_util_compat": {:hex, :unicode_util_compat, "0.4.1", "d869e4c68901dd9531385bb0c8c40444ebf624e60b6962d95952775cac5e90cd", [:rebar3], [], "hexpm"},
  "xmpp": {:hex, :xmpp, "1.4.2", "e7afeeb5c57ccd98d301d492384b464df64587dbd63b6667411fb7f5427244a2", [:rebar3], [{:ezlib, "1.0.6", [hex: :ezlib, repo: "hexpm", optional: false]}, {:fast_tls, "1.1.2", [hex: :fast_tls, repo: "hexpm", optional: false]}, {:fast_xml, "1.1.37", [hex: :fast_xml, repo: "hexpm", optional: false]}, {:idna, "6.0.0", [hex: :idna, repo: "hexpm", optional: false]}, {:p1_utils, "1.0.16", [hex: :p1_utils, repo: "hexpm", optional: false]}, {:stringprep, "1.0.17", [hex: :stringprep, repo: "hexpm", optional: false]}], "hexpm"},
  "yconf": {:hex, :yconf, "1.0.1", "970fbbe53df7113914488909943abbbe788fff94166b4e39afaebc3e73f2a4f7", [:rebar3], [{:fast_yaml, "1.0.21", [hex: :fast_yaml, repo: "hexpm", optional: false]}], "hexpm"},
}
